
Microsoft Visual Studio Solution File, Format Version 12.00
# Visual Studio 15
Project("{FAE04EC0-301F-11D3-BF4B-00C04F79EFBC}") = "ZeApp.Android", "ZeApp.Android\ZeApp.Android.csproj", "{F5D759F2-503B-40AB-9DD9-B56460FC1E19}"
EndProject
Project("{FAE04EC0-301F-11D3-BF4B-00C04F79EFBC}") = "ZeApp.iOS", "ZeApp.iOS\ZeApp.iOS.csproj", "{83B0EBF9-7D2C-4257-A1AC-4C7898B0BDF5}"
EndProject
Project("{FAE04EC0-301F-11D3-BF4B-00C04F79EFBC}") = "ZeApp.MobileAppService", "ZeApp.MobileAppService\ZeApp.MobileAppService.csproj", "{2D5C14A9-6942-43D1-81DE-7A4ECB5E5CD1}"
EndProject
Project("{FAE04EC0-301F-11D3-BF4B-00C04F79EFBC}") = "ZeApp", "ZeApp\ZeApp.csproj", "{CC087130-F0A0-4D3F-94CD-0F4A6ED4EE78}"
EndProject
Global
	GlobalSection(SolutionConfigurationPlatforms) = preSolution
		Debug|Any CPU = Debug|Any CPU
		Release|Any CPU = Release|Any CPU
		Debug|iPhoneSimulator = Debug|iPhoneSimulator
		Release|iPhoneSimulator = Release|iPhoneSimulator
		Debug|iPhone = Debug|iPhone
		Release|iPhone = Release|iPhone
	EndGlobalSection
	GlobalSection(ProjectConfigurationPlatforms) = postSolution
		{F5D759F2-503B-40AB-9DD9-B56460FC1E19}.Debug|Any CPU.ActiveCfg = Debug|Any CPU
		{F5D759F2-503B-40AB-9DD9-B56460FC1E19}.Debug|Any CPU.Build.0 = Debug|Any CPU
		{F5D759F2-503B-40AB-9DD9-B56460FC1E19}.Release|Any CPU.ActiveCfg = Release|Any CPU
		{F5D759F2-503B-40AB-9DD9-B56460FC1E19}.Release|Any CPU.Build.0 = Release|Any CPU
		{F5D759F2-503B-40AB-9DD9-B56460FC1E19}.Debug|iPhoneSimulator.ActiveCfg = Debug|Any CPU
		{F5D759F2-503B-40AB-9DD9-B56460FC1E19}.Debug|iPhoneSimulator.Build.0 = Debug|Any CPU
		{F5D759F2-503B-40AB-9DD9-B56460FC1E19}.Release|iPhoneSimulator.ActiveCfg = Release|Any CPU
		{F5D759F2-503B-40AB-9DD9-B56460FC1E19}.Release|iPhoneSimulator.Build.0 = Release|Any CPU
		{F5D759F2-503B-40AB-9DD9-B56460FC1E19}.Debug|iPhone.ActiveCfg = Debug|Any CPU
		{F5D759F2-503B-40AB-9DD9-B56460FC1E19}.Debug|iPhone.Build.0 = Debug|Any CPU
		{F5D759F2-503B-40AB-9DD9-B56460FC1E19}.Release|iPhone.ActiveCfg = Release|Any CPU
		{F5D759F2-503B-40AB-9DD9-B56460FC1E19}.Release|iPhone.Build.0 = Release|Any CPU
		{83B0EBF9-7D2C-4257-A1AC-4C7898B0BDF5}.Debug|Any CPU.ActiveCfg = Debug|iPhoneSimulator
		{83B0EBF9-7D2C-4257-A1AC-4C7898B0BDF5}.Debug|Any CPU.Build.0 = Debug|iPhoneSimulator
		{83B0EBF9-7D2C-4257-A1AC-4C7898B0BDF5}.Release|Any CPU.ActiveCfg = Release|iPhoneSimulator
		{83B0EBF9-7D2C-4257-A1AC-4C7898B0BDF5}.Release|Any CPU.Build.0 = Release|iPhoneSimulator
		{83B0EBF9-7D2C-4257-A1AC-4C7898B0BDF5}.Debug|iPhoneSimulator.ActiveCfg = Debug|iPhoneSimulator
		{83B0EBF9-7D2C-4257-A1AC-4C7898B0BDF5}.Debug|iPhoneSimulator.Build.0 = Debug|iPhoneSimulator
		{83B0EBF9-7D2C-4257-A1AC-4C7898B0BDF5}.Release|iPhoneSimulator.ActiveCfg = Release|iPhoneSimulator
		{83B0EBF9-7D2C-4257-A1AC-4C7898B0BDF5}.Release|iPhoneSimulator.Build.0 = Release|iPhoneSimulator
		{83B0EBF9-7D2C-4257-A1AC-4C7898B0BDF5}.Debug|iPhone.ActiveCfg = Debug|iPhone
		{83B0EBF9-7D2C-4257-A1AC-4C7898B0BDF5}.Debug|iPhone.Build.0 = Debug|iPhone
		{83B0EBF9-7D2C-4257-A1AC-4C7898B0BDF5}.Release|iPhone.ActiveCfg = Release|iPhone
		{83B0EBF9-7D2C-4257-A1AC-4C7898B0BDF5}.Release|iPhone.Build.0 = Release|iPhone
		{2D5C14A9-6942-43D1-81DE-7A4ECB5E5CD1}.Debug|Any CPU.ActiveCfg = Debug|Any CPU
		{2D5C14A9-6942-43D1-81DE-7A4ECB5E5CD1}.Debug|Any CPU.Build.0 = Debug|Any CPU
		{2D5C14A9-6942-43D1-81DE-7A4ECB5E5CD1}.Release|Any CPU.ActiveCfg = Release|Any CPU
		{2D5C14A9-6942-43D1-81DE-7A4ECB5E5CD1}.Release|Any CPU.Build.0 = Release|Any CPU
		{2D5C14A9-6942-43D1-81DE-7A4ECB5E5CD1}.Debug|iPhoneSimulator.ActiveCfg = Debug|Any CPU
		{2D5C14A9-6942-43D1-81DE-7A4ECB5E5CD1}.Debug|iPhoneSimulator.Build.0 = Debug|Any CPU
		{2D5C14A9-6942-43D1-81DE-7A4ECB5E5CD1}.Release|iPhoneSimulator.ActiveCfg = Release|Any CPU
		{2D5C14A9-6942-43D1-81DE-7A4ECB5E5CD1}.Release|iPhoneSimulator.Build.0 = Release|Any CPU
		{2D5C14A9-6942-43D1-81DE-7A4ECB5E5CD1}.Debug|iPhone.ActiveCfg = Debug|Any CPU
		{2D5C14A9-6942-43D1-81DE-7A4ECB5E5CD1}.Debug|iPhone.Build.0 = Debug|Any CPU
		{2D5C14A9-6942-43D1-81DE-7A4ECB5E5CD1}.Release|iPhone.ActiveCfg = Release|Any CPU
		{2D5C14A9-6942-43D1-81DE-7A4ECB5E5CD1}.Release|iPhone.Build.0 = Release|Any CPU
		{CC087130-F0A0-4D3F-94CD-0F4A6ED4EE78}.Debug|Any CPU.ActiveCfg = Debug|Any CPU
		{CC087130-F0A0-4D3F-94CD-0F4A6ED4EE78}.Debug|Any CPU.Build.0 = Debug|Any CPU
		{CC087130-F0A0-4D3F-94CD-0F4A6ED4EE78}.Release|Any CPU.ActiveCfg = Release|Any CPU
		{CC087130-F0A0-4D3F-94CD-0F4A6ED4EE78}.Release|Any CPU.Build.0 = Release|Any CPU
		{CC087130-F0A0-4D3F-94CD-0F4A6ED4EE78}.Debug|iPhoneSimulator.ActiveCfg = Debug|Any CPU
		{CC087130-F0A0-4D3F-94CD-0F4A6ED4EE78}.Debug|iPhoneSimulator.Build.0 = Debug|Any CPU
		{CC087130-F0A0-4D3F-94CD-0F4A6ED4EE78}.Release|iPhoneSimulator.ActiveCfg = Release|Any CPU
		{CC087130-F0A0-4D3F-94CD-0F4A6ED4EE78}.Release|iPhoneSimulator.Build.0 = Release|Any CPU
		{CC087130-F0A0-4D3F-94CD-0F4A6ED4EE78}.Debug|iPhone.ActiveCfg = Debug|Any CPU
		{CC087130-F0A0-4D3F-94CD-0F4A6ED4EE78}.Debug|iPhone.Build.0 = Debug|Any CPU
		{CC087130-F0A0-4D3F-94CD-0F4A6ED4EE78}.Release|iPhone.ActiveCfg = Release|Any CPU
		{CC087130-F0A0-4D3F-94CD-0F4A6ED4EE78}.Release|iPhone.Build.0 = Release|Any CPU
	EndGlobalSection
EndGlobal
